
Microsoft Visual Studio Solution File, Format Version 12.00
# Visual Studio Version 16
VisualStudioVersion = 16.0.30717.126
MinimumVisualStudioVersion = 10.0.40219.1
Project("{FAE04EC0-301F-11D3-BF4B-00C04F79EFBC}") = "SOA_Demo_Project", "SOA_Demo_Project\SOA_Demo_Project.csproj", "{BCCB80BC-BFEE-4248-A48A-0E1E9D164441}"
EndProject
Global
	GlobalSection(SolutionConfigurationPlatforms) = preSolution
		Debug|Any CPU = Debug|Any CPU
		Release|Any CPU = Release|Any CPU
	EndGlobalSection
	GlobalSection(ProjectConfigurationPlatforms) = postSolution
		{BCCB80BC-BFEE-4248-A48A-0E1E9D164441}.Debug|Any CPU.ActiveCfg = Debug|Any CPU
		{BCCB80BC-BFEE-4248-A48A-0E1E9D164441}.Debug|Any CPU.Build.0 = Debug|Any CPU
		{BCCB80BC-BFEE-4248-A48A-0E1E9D164441}.Release|Any CPU.ActiveCfg = Release|Any CPU
		{BCCB80BC-BFEE-4248-A48A-0E1E9D164441}.Release|Any CPU.Build.0 = Release|Any CPU
	EndGlobalSection
	GlobalSection(SolutionProperties) = preSolution
		HideSolutionNode = FALSE
	EndGlobalSection
	GlobalSection(ExtensibilityGlobals) = postSolution
		SolutionGuid = {51C4394C-DC9E-43FE-A514-DB446D32BDE2}
	EndGlobalSection
EndGlobal
